
Microsoft Visual Studio Solution File, Format Version 12.00
# Visual Studio Version 16
VisualStudioVersion = 16.0.31313.79
MinimumVisualStudioVersion = 10.0.40219.1
Project("{9A19103F-16F7-4668-BE54-9A1E7A4F7556}") = "SteamAchievements", "SteamAchievements\SteamAchievements.csproj", "{778C85FF-C94A-4815-B07C-834A38609AE0}"
EndProject
Project("{9A19103F-16F7-4668-BE54-9A1E7A4F7556}") = "Contracts", "Contracts\Contracts.csproj", "{288D97A1-DBF7-4177-9E7C-BA2B5888C059}"
EndProject
Project("{9A19103F-16F7-4668-BE54-9A1E7A4F7556}") = "Entities", "Entities\Entities.csproj", "{A5039549-873C-417D-A9C5-5E8856B72F88}"
EndProject
Project("{9A19103F-16F7-4668-BE54-9A1E7A4F7556}") = "LoggerService", "LoggerService\LoggerService.csproj", "{D861D9B8-1385-4E15-8DFC-B8348C1BA099}"
EndProject
Project("{FAE04EC0-301F-11D3-BF4B-00C04F79EFBC}") = "SteamAchievements.InfoStructure", "SteamAchievements.InfoStructure\SteamAchievements.InfoStructure.csproj", "{3653B397-F187-4D8E-881A-BEDBF03D70A5}"
EndProject
Global
	GlobalSection(SolutionConfigurationPlatforms) = preSolution
		Debug|Any CPU = Debug|Any CPU
		Release|Any CPU = Release|Any CPU
	EndGlobalSection
	GlobalSection(ProjectConfigurationPlatforms) = postSolution
		{778C85FF-C94A-4815-B07C-834A38609AE0}.Debug|Any CPU.ActiveCfg = Debug|Any CPU
		{778C85FF-C94A-4815-B07C-834A38609AE0}.Debug|Any CPU.Build.0 = Debug|Any CPU
		{778C85FF-C94A-4815-B07C-834A38609AE0}.Release|Any CPU.ActiveCfg = Release|Any CPU
		{778C85FF-C94A-4815-B07C-834A38609AE0}.Release|Any CPU.Build.0 = Release|Any CPU
		{288D97A1-DBF7-4177-9E7C-BA2B5888C059}.Debug|Any CPU.ActiveCfg = Debug|Any CPU
		{288D97A1-DBF7-4177-9E7C-BA2B5888C059}.Debug|Any CPU.Build.0 = Debug|Any CPU
		{288D97A1-DBF7-4177-9E7C-BA2B5888C059}.Release|Any CPU.ActiveCfg = Release|Any CPU
		{288D97A1-DBF7-4177-9E7C-BA2B5888C059}.Release|Any CPU.Build.0 = Release|Any CPU
		{A5039549-873C-417D-A9C5-5E8856B72F88}.Debug|Any CPU.ActiveCfg = Debug|Any CPU
		{A5039549-873C-417D-A9C5-5E8856B72F88}.Debug|Any CPU.Build.0 = Debug|Any CPU
		{A5039549-873C-417D-A9C5-5E8856B72F88}.Release|Any CPU.ActiveCfg = Release|Any CPU
		{A5039549-873C-417D-A9C5-5E8856B72F88}.Release|Any CPU.Build.0 = Release|Any CPU
		{D861D9B8-1385-4E15-8DFC-B8348C1BA099}.Debug|Any CPU.ActiveCfg = Debug|Any CPU
		{D861D9B8-1385-4E15-8DFC-B8348C1BA099}.Debug|Any CPU.Build.0 = Debug|Any CPU
		{D861D9B8-1385-4E15-8DFC-B8348C1BA099}.Release|Any CPU.ActiveCfg = Release|Any CPU
		{D861D9B8-1385-4E15-8DFC-B8348C1BA099}.Release|Any CPU.Build.0 = Release|Any CPU
		{3653B397-F187-4D8E-881A-BEDBF03D70A5}.Debug|Any CPU.ActiveCfg = Debug|Any CPU
		{3653B397-F187-4D8E-881A-BEDBF03D70A5}.Debug|Any CPU.Build.0 = Debug|Any CPU
		{3653B397-F187-4D8E-881A-BEDBF03D70A5}.Release|Any CPU.ActiveCfg = Release|Any CPU
		{3653B397-F187-4D8E-881A-BEDBF03D70A5}.Release|Any CPU.Build.0 = Release|Any CPU
	EndGlobalSection
	GlobalSection(SolutionProperties) = preSolution
		HideSolutionNode = FALSE
	EndGlobalSection
	GlobalSection(ExtensibilityGlobals) = postSolution
		SolutionGuid = {42EE57BF-FC6E-4A81-92AB-7A13ABF84162}
	EndGlobalSection
EndGlobal
